
Microsoft Visual Studio Solution File, Format Version 12.00
# Visual Studio Version 17
VisualStudioVersion = 17.6.33815.320
MinimumVisualStudioVersion = 10.0.40219.1
Project("{FAE04EC0-301F-11D3-BF4B-00C04F79EFBC}") = "Sky-Tracker", "Sky-Tracker.csproj", "{F8394477-B1FF-4F6F-A8DE-32A11B413899}"
EndProject
Global
	GlobalSection(SolutionConfigurationPlatforms) = preSolution
		Debug|Any CPU = Debug|Any CPU
		Release|Any CPU = Release|Any CPU
	EndGlobalSection
	GlobalSection(ProjectConfigurationPlatforms) = postSolution
		{F8394477-B1FF-4F6F-A8DE-32A11B413899}.Debug|Any CPU.ActiveCfg = Debug|Any CPU
		{F8394477-B1FF-4F6F-A8DE-32A11B413899}.Debug|Any CPU.Build.0 = Debug|Any CPU
		{F8394477-B1FF-4F6F-A8DE-32A11B413899}.Release|Any CPU.ActiveCfg = Release|Any CPU
		{F8394477-B1FF-4F6F-A8DE-32A11B413899}.Release|Any CPU.Build.0 = Release|Any CPU
	EndGlobalSection
	GlobalSection(SolutionProperties) = preSolution
		HideSolutionNode = FALSE
	EndGlobalSection
	GlobalSection(ExtensibilityGlobals) = postSolution
		SolutionGuid = {5ADBE728-197D-452B-A6E7-9FFD87CA6740}
	EndGlobalSection
EndGlobal
